
Microsoft Visual Studio Solution File, Format Version 12.00
# Visual Studio 15
VisualStudioVersion = 15.0.28307.705
MinimumVisualStudioVersion = 10.0.40219.1
Project("{FAE04EC0-301F-11D3-BF4B-00C04F79EFBC}") = "CommonTable", "CommonTable.csproj", "{479DE026-AA33-40C6-8580-1FBFF650BAFA}"
EndProject
Global
	GlobalSection(SolutionConfigurationPlatforms) = preSolution
		Debug|Any CPU = Debug|Any CPU
		Release|Any CPU = Release|Any CPU
	EndGlobalSection
	GlobalSection(ProjectConfigurationPlatforms) = postSolution
		{479DE026-AA33-40C6-8580-1FBFF650BAFA}.Debug|Any CPU.ActiveCfg = Debug|Any CPU
		{479DE026-AA33-40C6-8580-1FBFF650BAFA}.Debug|Any CPU.Build.0 = Debug|Any CPU
		{479DE026-AA33-40C6-8580-1FBFF650BAFA}.Release|Any CPU.ActiveCfg = Release|Any CPU
		{479DE026-AA33-40C6-8580-1FBFF650BAFA}.Release|Any CPU.Build.0 = Release|Any CPU
	EndGlobalSection
	GlobalSection(SolutionProperties) = preSolution
		HideSolutionNode = FALSE
	EndGlobalSection
	GlobalSection(ExtensibilityGlobals) = postSolution
		SolutionGuid = {1CCE3266-01AC-4D47-A486-9AABA1B7BF4C}
	EndGlobalSection
EndGlobal
